
Microsoft Visual Studio Solution File, Format Version 12.00
# Visual Studio Version 17
VisualStudioVersion = 17.7.34221.43
MinimumVisualStudioVersion = 10.0.40219.1
Project("{FAE04EC0-301F-11D3-BF4B-00C04F79EFBC}") = "flight_reservation _system", "flight_reservation _system\flight_reservation _system.csproj", "{AC7910E1-D285-43E8-889A-159B9FCC2DC9}"
EndProject
Global
	GlobalSection(SolutionConfigurationPlatforms) = preSolution
		Debug|Any CPU = Debug|Any CPU
		Release|Any CPU = Release|Any CPU
	EndGlobalSection
	GlobalSection(ProjectConfigurationPlatforms) = postSolution
		{AC7910E1-D285-43E8-889A-159B9FCC2DC9}.Debug|Any CPU.ActiveCfg = Debug|Any CPU
		{AC7910E1-D285-43E8-889A-159B9FCC2DC9}.Debug|Any CPU.Build.0 = Debug|Any CPU
		{AC7910E1-D285-43E8-889A-159B9FCC2DC9}.Release|Any CPU.ActiveCfg = Release|Any CPU
		{AC7910E1-D285-43E8-889A-159B9FCC2DC9}.Release|Any CPU.Build.0 = Release|Any CPU
	EndGlobalSection
	GlobalSection(SolutionProperties) = preSolution
		HideSolutionNode = FALSE
	EndGlobalSection
	GlobalSection(ExtensibilityGlobals) = postSolution
		SolutionGuid = {B979E111-6912-4FD0-8926-D76267C78517}
	EndGlobalSection
EndGlobal
